# THIS IS AN AUTOGENERATED FILE. DO NOT EDIT THIS FILE DIRECTLY.
# yarn lockfile v1


cors-anywhere@^0.4.4:
  version "0.4.4"
  resolved "https://registry.yarnpkg.com/cors-anywhere/-/cors-anywhere-0.4.4.tgz#98892fcab55f408fff13a63e125135c18dc22ca8"
  integrity sha512-8OBFwnzMgR4mNrAeAyOLB2EruS2z7u02of2bOu7i9kKYlZG+niS7CTHLPgEXKWW2NAOJWRry9RRCaL9lJRjNqg==
  dependencies:
    http-proxy "1.11.1"
    proxy-from-env "0.0.1"

eventemitter3@1.x.x:
  version "1.2.0"
  resolved "https://registry.yarnpkg.com/eventemitter3/-/eventemitter3-1.2.0.tgz#1c86991d816ad1e504750e73874224ecf3bec508"
  integrity sha1-HIaZHYFq0eUEdQ5zh0Ik7PO+xQg=

http-proxy@1.11.1:
  version "1.11.1"
  resolved "https://registry.yarnpkg.com/http-proxy/-/http-proxy-1.11.1.tgz#71df55757e802d58ea810df2244019dda05ae85d"
  integrity sha1-cd9VdX6ALVjqgQ3yJEAZ3aBa6F0=
  dependencies:
    eventemitter3 "1.x.x"
    requires-port "0.x.x"

proxy-from-env@0.0.1:
  version "0.0.1"
  resolved "https://registry.yarnpkg.com/proxy-from-env/-/proxy-from-env-0.0.1.tgz#b27c4946e9e6d5dbadb7598a6435d3014c4cfd49"
  integrity sha1-snxJRunm1dutt1mKZDXTAUxM/Uk=

requires-port@0.x.x:
  version "0.0.1"
  resolved "https://registry.yarnpkg.com/requires-port/-/requires-port-0.0.1.tgz#4b4414411d9df7c855995dd899a8c78a2951c16d"
  integrity sha1-S0QUQR2d98hVmV3YmajHiilRwW0=
